
Microsoft Visual Studio Solution File, Format Version 12.00
# Visual Studio Version 17
VisualStudioVersion = 17.0.31919.166
MinimumVisualStudioVersion = 10.0.40219.1
Project("{9A19103F-16F7-4668-BE54-9A1E7A4F7556}") = "Algorithm", "Algorithm.csproj", "{EC996E71-64A8-46A8-9E49-18C28D01EE06}"
EndProject
Project("{2150E333-8FDC-42A3-9474-1A3956D46DE8}") = "CodeWars", "CodeWars", "{B19E7990-B6BD-4AB5-9585-1845667C8A87}"
EndProject
Project("{FAE04EC0-301F-11D3-BF4B-00C04F79EFBC}") = "CodeWars", "CodeWars\CodeWars\CodeWars.csproj", "{494C3CF5-AB5A-4F1A-BC63-771FA04FF656}"
EndProject
Global
	GlobalSection(SolutionConfigurationPlatforms) = preSolution
		Debug|Any CPU = Debug|Any CPU
		Release|Any CPU = Release|Any CPU
	EndGlobalSection
	GlobalSection(ProjectConfigurationPlatforms) = postSolution
		{EC996E71-64A8-46A8-9E49-18C28D01EE06}.Debug|Any CPU.ActiveCfg = Debug|Any CPU
		{EC996E71-64A8-46A8-9E49-18C28D01EE06}.Debug|Any CPU.Build.0 = Debug|Any CPU
		{EC996E71-64A8-46A8-9E49-18C28D01EE06}.Release|Any CPU.ActiveCfg = Release|Any CPU
		{EC996E71-64A8-46A8-9E49-18C28D01EE06}.Release|Any CPU.Build.0 = Release|Any CPU
		{494C3CF5-AB5A-4F1A-BC63-771FA04FF656}.Debug|Any CPU.ActiveCfg = Debug|Any CPU
		{494C3CF5-AB5A-4F1A-BC63-771FA04FF656}.Debug|Any CPU.Build.0 = Debug|Any CPU
		{494C3CF5-AB5A-4F1A-BC63-771FA04FF656}.Release|Any CPU.ActiveCfg = Release|Any CPU
		{494C3CF5-AB5A-4F1A-BC63-771FA04FF656}.Release|Any CPU.Build.0 = Release|Any CPU
	EndGlobalSection
	GlobalSection(SolutionProperties) = preSolution
		HideSolutionNode = FALSE
	EndGlobalSection
	GlobalSection(NestedProjects) = preSolution
		{494C3CF5-AB5A-4F1A-BC63-771FA04FF656} = {B19E7990-B6BD-4AB5-9585-1845667C8A87}
	EndGlobalSection
	GlobalSection(ExtensibilityGlobals) = postSolution
		SolutionGuid = {EB7DC59E-8AF7-4A2C-B1AF-35A810A0991C}
	EndGlobalSection
EndGlobal
